{
  "name": "@djelibeybi/homebridge-delayed-occupancy",
  "version": "2.1.0",
  "lockfileVersion": 2,
  "requires": true,
  "packages": {
    "": {
      "name": "@djelibeybi/homebridge-delayed-occupancy",
      "version": "2.0.2-dev.0",
      "license": "GPL-3.0",
      "engines": {
        "homebridge": ">=0.2.5"
      }
    }
  }
}
